
Microsoft Visual Studio Solution File, Format Version 12.00
# Visual Studio Version 17
VisualStudioVersion = 17.9.34622.214
MinimumVisualStudioVersion = 10.0.40219.1
Project("{F184B08F-C81C-45F6-A57F-5ABD9991F28F}") = "vgc", "vgc.vbproj", "{76FFAB30-402C-41BC-8714-2841640B7244}"
EndProject
Global
	GlobalSection(SolutionConfigurationPlatforms) = preSolution
		Debug|Any CPU = Debug|Any CPU
		Release|Any CPU = Release|Any CPU
	EndGlobalSection
	GlobalSection(ProjectConfigurationPlatforms) = postSolution
		{76FFAB30-402C-41BC-8714-2841640B7244}.Debug|Any CPU.ActiveCfg = Debug|Any CPU
		{76FFAB30-402C-41BC-8714-2841640B7244}.Debug|Any CPU.Build.0 = Debug|Any CPU
		{76FFAB30-402C-41BC-8714-2841640B7244}.Release|Any CPU.ActiveCfg = Release|Any CPU
		{76FFAB30-402C-41BC-8714-2841640B7244}.Release|Any CPU.Build.0 = Release|Any CPU
	EndGlobalSection
	GlobalSection(SolutionProperties) = preSolution
		HideSolutionNode = FALSE
	EndGlobalSection
	GlobalSection(ExtensibilityGlobals) = postSolution
		SolutionGuid = {94C3EF57-6AD2-4C77-8C69-598771403562}
	EndGlobalSection
EndGlobal
